
Microsoft Visual Studio Solution File, Format Version 12.00
# Visual Studio Version 17
VisualStudioVersion = 17.13.35825.156 d17.13
MinimumVisualStudioVersion = 10.0.40219.1
Project("{FAE04EC0-301F-11D3-BF4B-00C04F79EFBC}") = "TchapsMinimalApi", "TchapsMinimalApi\TchapsMinimalApi.csproj", "{44D3ED17-C01C-46F7-8E4F-52F5FF0822DD}"
EndProject
Global
	GlobalSection(SolutionConfigurationPlatforms) = preSolution
		Debug|Any CPU = Debug|Any CPU
		Release|Any CPU = Release|Any CPU
	EndGlobalSection
	GlobalSection(ProjectConfigurationPlatforms) = postSolution
		{44D3ED17-C01C-46F7-8E4F-52F5FF0822DD}.Debug|Any CPU.ActiveCfg = Debug|Any CPU
		{44D3ED17-C01C-46F7-8E4F-52F5FF0822DD}.Debug|Any CPU.Build.0 = Debug|Any CPU
		{44D3ED17-C01C-46F7-8E4F-52F5FF0822DD}.Release|Any CPU.ActiveCfg = Release|Any CPU
		{44D3ED17-C01C-46F7-8E4F-52F5FF0822DD}.Release|Any CPU.Build.0 = Release|Any CPU
	EndGlobalSection
	GlobalSection(SolutionProperties) = preSolution
		HideSolutionNode = FALSE
	EndGlobalSection
	GlobalSection(ExtensibilityGlobals) = postSolution
		SolutionGuid = {89F81B4E-12CE-4947-AE54-4EA490339FCF}
	EndGlobalSection
EndGlobal
